// !$*UTF8*$!
{
	archiveVersion = 1;
	classes = {
	};
	objectVersion = 56;
	objects = {

/* Begin PBXBuildFile section */
		53744EDCF33E2BCC8BA282EF /* Pods_gRPC_Demo.framework in Frameworks */ = {isa = PBXBuildFile; fileRef = 3955575F72A81F57947124A1 /* Pods_gRPC_Demo.framework */; };
		FC6734FA2BECCE5500F464D7 /* GrpcManager.swift in Sources */ = {isa = PBXBuildFile; fileRef = FC6734F92BECCE5500F464D7 /* GrpcManager.swift */; };
		FC6734FD2BECCF0E00F464D7 /* price.proto in Sources */ = {isa = PBXBuildFile; fileRef = FC6734FC2BECCF0E00F464D7 /* price.proto */; };
		FC9C89B12BFC8EF2002CFC8B /* CustomCollectionViewCell.xib in Resources */ = {isa = PBXBuildFile; fileRef = FC9C89B02BFC8EF2002CFC8B /* CustomCollectionViewCell.xib */; };
		FC9C89B22BFC8EF2002CFC8B /* CustomCollectionViewCell.swift in Sources */ = {isa = PBXBuildFile; fileRef = FC9C89AF2BFC8EF2002CFC8B /* CustomCollectionViewCell.swift */; };
		FC9C89B52BFC8F11002CFC8B /* CustomTableViewCell.xib in Resources */ = {isa = PBXBuildFile; fileRef = FC9C89B42BFC8F11002CFC8B /* CustomTableViewCell.xib */; };
		FC9C89B62BFC8F11002CFC8B /* CustomTableViewCell.swift in Sources */ = {isa = PBXBuildFile; fileRef = FC9C89B32BFC8F11002CFC8B /* CustomTableViewCell.swift */; };
		FCAD2E652BFB2F2800B36B8E /* price.pb.swift in Sources */ = {isa = PBXBuildFile; fileRef = FCAD2E632BFB2F2700B36B8E /* price.pb.swift */; };
		FCAD2E662BFB2F2800B36B8E /* price.grpc.swift in Sources */ = {isa = PBXBuildFile; fileRef = FCAD2E642BFB2F2700B36B8E /* price.grpc.swift */; };
		FCEE2C812BD7602800FA1530 /* AppDelegate.swift in Sources */ = {isa = PBXBuildFile; fileRef = FCEE2C802BD7602800FA1530 /* AppDelegate.swift */; };
		FCEE2C832BD7602800FA1530 /* SceneDelegate.swift in Sources */ = {isa = PBXBuildFile; fileRef = FCEE2C822BD7602800FA1530 /* SceneDelegate.swift */; };
		FCEE2C852BD7602800FA1530 /* ViewController.swift in Sources */ = {isa = PBXBuildFile; fileRef = FCEE2C842BD7602800FA1530 /* ViewController.swift */; };
		FCEE2C882BD7602800FA1530 /* Main.storyboard in Resources */ = {isa = PBXBuildFile; fileRef = FCEE2C862BD7602800FA1530 /* Main.storyboard */; };
		FCEE2C8A2BD7602B00FA1530 /* Assets.xcassets in Resources */ = {isa = PBXBuildFile; fileRef = FCEE2C892BD7602B00FA1530 /* Assets.xcassets */; };
		FCEE2C8D2BD7602B00FA1530 /* LaunchScreen.storyboard in Resources */ = {isa = PBXBuildFile; fileRef = FCEE2C8B2BD7602B00FA1530 /* LaunchScreen.storyboard */; };
/* End PBXBuildFile section */

/* Begin PBXFileReference section */
		3955575F72A81F57947124A1 /* Pods_gRPC_Demo.framework */ = {isa = PBXFileReference; explicitFileType = wrapper.framework; includeInIndex = 0; path = Pods_gRPC_Demo.framework; sourceTree = BUILT_PRODUCTS_DIR; };
		8F07332BA8919007E3DDC031 /* Pods-gRPC Demo.debug.xcconfig */ = {isa = PBXFileReference; includeInIndex = 1; lastKnownFileType = text.xcconfig; name = "Pods-gRPC Demo.debug.xcconfig"; path = "Target Support Files/Pods-gRPC Demo/Pods-gRPC Demo.debug.xcconfig"; sourceTree = "<group>"; };
		9A4BE1B2C10C34F942C68667 /* Pods-gRPC Demo.release.xcconfig */ = {isa = PBXFileReference; includeInIndex = 1; lastKnownFileType = text.xcconfig; name = "Pods-gRPC Demo.release.xcconfig"; path = "Target Support Files/Pods-gRPC Demo/Pods-gRPC Demo.release.xcconfig"; sourceTree = "<group>"; };
		FC6734F92BECCE5500F464D7 /* GrpcManager.swift */ = {isa = PBXFileReference; lastKnownFileType = sourcecode.swift; path = GrpcManager.swift; sourceTree = "<group>"; };
		FC6734FC2BECCF0E00F464D7 /* price.proto */ = {isa = PBXFileReference; fileEncoding = 4; lastKnownFileType = sourcecode.protobuf; path = price.proto; sourceTree = "<group>"; };
		FC9C89AF2BFC8EF2002CFC8B /* CustomCollectionViewCell.swift */ = {isa = PBXFileReference; lastKnownFileType = sourcecode.swift; path = CustomCollectionViewCell.swift; sourceTree = "<group>"; };
		FC9C89B02BFC8EF2002CFC8B /* CustomCollectionViewCell.xib */ = {isa = PBXFileReference; lastKnownFileType = file.xib; path = CustomCollectionViewCell.xib; sourceTree = "<group>"; };
		FC9C89B32BFC8F11002CFC8B /* CustomTableViewCell.swift */ = {isa = PBXFileReference; lastKnownFileType = sourcecode.swift; path = CustomTableViewCell.swift; sourceTree = "<group>"; };
		FC9C89B42BFC8F11002CFC8B /* CustomTableViewCell.xib */ = {isa = PBXFileReference; lastKnownFileType = file.xib; path = CustomTableViewCell.xib; sourceTree = "<group>"; };
		FCAD2E632BFB2F2700B36B8E /* price.pb.swift */ = {isa = PBXFileReference; fileEncoding = 4; lastKnownFileType = sourcecode.swift; path = price.pb.swift; sourceTree = "<group>"; };
		FCAD2E642BFB2F2700B36B8E /* price.grpc.swift */ = {isa = PBXFileReference; fileEncoding = 4; lastKnownFileType = sourcecode.swift; path = price.grpc.swift; sourceTree = "<group>"; };
		FCEE2C7D2BD7602800FA1530 /* gRPC Demo.app */ = {isa = PBXFileReference; explicitFileType = wrapper.application; includeInIndex = 0; path = "gRPC Demo.app"; sourceTree = BUILT_PRODUCTS_DIR; };
		FCEE2C802BD7602800FA1530 /* AppDelegate.swift */ = {isa = PBXFileReference; lastKnownFileType = sourcecode.swift; path = AppDelegate.swift; sourceTree = "<group>"; };
		FCEE2C822BD7602800FA1530 /* SceneDelegate.swift */ = {isa = PBXFileReference; lastKnownFileType = sourcecode.swift; path = SceneDelegate.swift; sourceTree = "<group>"; };
		FCEE2C842BD7602800FA1530 /* ViewController.swift */ = {isa = PBXFileReference; lastKnownFileType = sourcecode.swift; path = ViewController.swift; sourceTree = "<group>"; };
		FCEE2C872BD7602800FA1530 /* Base */ = {isa = PBXFileReference; lastKnownFileType = file.storyboard; name = Base; path = Base.lproj/Main.storyboard; sourceTree = "<group>"; };
		FCEE2C892BD7602B00FA1530 /* Assets.xcassets */ = {isa = PBXFileReference; lastKnownFileType = folder.assetcatalog; path = Assets.xcassets; sourceTree = "<group>"; };
		FCEE2C8C2BD7602B00FA1530 /* Base */ = {isa = PBXFileReference; lastKnownFileType = file.storyboard; name = Base; path = Base.lproj/LaunchScreen.storyboard; sourceTree = "<group>"; };
		FCEE2C8E2BD7602B00FA1530 /* Info.plist */ = {isa = PBXFileReference; lastKnownFileType = text.plist.xml; path = Info.plist; sourceTree = "<group>"; };
/* End PBXFileReference section */

/* Begin PBXFrameworksBuildPhase section */
		FCEE2C7A2BD7602800FA1530 /* Frameworks */ = {
			isa = PBXFrameworksBuildPhase;
			buildActionMask = 2147483647;
			files = (
				53744EDCF33E2BCC8BA282EF /* Pods_gRPC_Demo.framework in Frameworks */,
			);
			runOnlyForDeploymentPostprocessing = 0;
		};
/* End PBXFrameworksBuildPhase section */

/* Begin PBXGroup section */
		65FB7A004D5D239CFAC17A86 /* Frameworks */ = {
			isa = PBXGroup;
			children = (
				3955575F72A81F57947124A1 /* Pods_gRPC_Demo.framework */,
			);
			name = Frameworks;
			sourceTree = "<group>";
		};
		DC37698A348FA33C430EB5A5 /* Pods */ = {
			isa = PBXGroup;
			children = (
				8F07332BA8919007E3DDC031 /* Pods-gRPC Demo.debug.xcconfig */,
				9A4BE1B2C10C34F942C68667 /* Pods-gRPC Demo.release.xcconfig */,
			);
			path = Pods;
			sourceTree = "<group>";
		};
		FC6734F82BECCE3D00F464D7 /* Manager */ = {
			isa = PBXGroup;
			children = (
				FC6734F92BECCE5500F464D7 /* GrpcManager.swift */,
			);
			path = Manager;
			sourceTree = "<group>";
		};
		FC6734FB2BECCF0200F464D7 /* Proto */ = {
			isa = PBXGroup;
			children = (
				FCAD2E642BFB2F2700B36B8E /* price.grpc.swift */,
				FCAD2E632BFB2F2700B36B8E /* price.pb.swift */,
				FC6734FC2BECCF0E00F464D7 /* price.proto */,
			);
			path = Proto;
			sourceTree = "<group>";
		};
		FC9C89AE2BFC8ECC002CFC8B /* Cell */ = {
			isa = PBXGroup;
			children = (
				FC9C89AF2BFC8EF2002CFC8B /* CustomCollectionViewCell.swift */,
				FC9C89B02BFC8EF2002CFC8B /* CustomCollectionViewCell.xib */,
				FC9C89B32BFC8F11002CFC8B /* CustomTableViewCell.swift */,
				FC9C89B42BFC8F11002CFC8B /* CustomTableViewCell.xib */,
			);
			path = Cell;
			sourceTree = "<group>";
		};
		FCEE2C742BD7602800FA1530 = {
			isa = PBXGroup;
			children = (
				FCEE2C7F2BD7602800FA1530 /* gRPC Demo */,
				FCEE2C7E2BD7602800FA1530 /* Products */,
				DC37698A348FA33C430EB5A5 /* Pods */,
				65FB7A004D5D239CFAC17A86 /* Frameworks */,
			);
			sourceTree = "<group>";
		};
		FCEE2C7E2BD7602800FA1530 /* Products */ = {
			isa = PBXGroup;
			children = (
				FCEE2C7D2BD7602800FA1530 /* gRPC Demo.app */,
			);
			name = Products;
			sourceTree = "<group>";
		};
		FCEE2C7F2BD7602800FA1530 /* gRPC Demo */ = {
			isa = PBXGroup;
			children = (
				FC9C89AE2BFC8ECC002CFC8B /* Cell */,
				FC6734FB2BECCF0200F464D7 /* Proto */,
				FC6734F82BECCE3D00F464D7 /* Manager */,
				FCEE2C802BD7602800FA1530 /* AppDelegate.swift */,
				FCEE2C822BD7602800FA1530 /* SceneDelegate.swift */,
				FCEE2C842BD7602800FA1530 /* ViewController.swift */,
				FCEE2C862BD7602800FA1530 /* Main.storyboard */,
				FCEE2C892BD7602B00FA1530 /* Assets.xcassets */,
				FCEE2C8B2BD7602B00FA1530 /* LaunchScreen.storyboard */,
				FCEE2C8E2BD7602B00FA1530 /* Info.plist */,
			);
			path = "gRPC Demo";
			sourceTree = "<group>";
		};
/* End PBXGroup section */

/* Begin PBXNativeTarget section */
		FCEE2C7C2BD7602800FA1530 /* gRPC Demo */ = {
			isa = PBXNativeTarget;
			buildConfigurationList = FCEE2C912BD7602B00FA1530 /* Build configuration list for PBXNativeTarget "gRPC Demo" */;
			buildPhases = (
				25C62EF2D607FD066E4DEECB /* [CP] Check Pods Manifest.lock */,
				FCEE2C792BD7602800FA1530 /* Sources */,
				FCEE2C7A2BD7602800FA1530 /* Frameworks */,
				FCEE2C7B2BD7602800FA1530 /* Resources */,
				616D7E4DFBF236941E2CE047 /* [CP] Embed Pods Frameworks */,
			);
			buildRules = (
			);
			dependencies = (
			);
			name = "gRPC Demo";
			productName = "gRPC Demo";
			productReference = FCEE2C7D2BD7602800FA1530 /* gRPC Demo.app */;
			productType = "com.apple.product-type.application";
		};
/* End PBXNativeTarget section */

/* Begin PBXProject section */
		FCEE2C752BD7602800FA1530 /* Project object */ = {
			isa = PBXProject;
			attributes = {
				BuildIndependentTargetsInParallel = 1;
				LastSwiftUpdateCheck = 1520;
				LastUpgradeCheck = 1520;
				TargetAttributes = {
					FCEE2C7C2BD7602800FA1530 = {
						CreatedOnToolsVersion = 15.2;
					};
				};
			};
			buildConfigurationList = FCEE2C782BD7602800FA1530 /* Build configuration list for PBXProject "gRPC Demo" */;
			compatibilityVersion = "Xcode 14.0";
			developmentRegion = en;
			hasScannedForEncodings = 0;
			knownRegions = (
				en,
				Base,
			);
			mainGroup = FCEE2C742BD7602800FA1530;
			productRefGroup = FCEE2C7E2BD7602800FA1530 /* Products */;
			projectDirPath = "";
			projectRoot = "";
			targets = (
				FCEE2C7C2BD7602800FA1530 /* gRPC Demo */,
			);
		};
/* End PBXProject section */

/* Begin PBXResourcesBuildPhase section */
		FCEE2C7B2BD7602800FA1530 /* Resources */ = {
			isa = PBXResourcesBuildPhase;
			buildActionMask = 2147483647;
			files = (
				FCEE2C8D2BD7602B00FA1530 /* LaunchScreen.storyboard in Resources */,
				FCEE2C8A2BD7602B00FA1530 /* Assets.xcassets in Resources */,
				FCEE2C882BD7602800FA1530 /* Main.storyboard in Resources */,
				FC9C89B52BFC8F11002CFC8B /* CustomTableViewCell.xib in Resources */,
				FC9C89B12BFC8EF2002CFC8B /* CustomCollectionViewCell.xib in Resources */,
			);
			runOnlyForDeploymentPostprocessing = 0;
		};
/* End PBXResourcesBuildPhase section */

/* Begin PBXShellScriptBuildPhase section */
		25C62EF2D607FD066E4DEECB /* [CP] Check Pods Manifest.lock */ = {
			isa = PBXShellScriptBuildPhase;
			buildActionMask = 2147483647;
			files = (
			);
			inputFileListPaths = (
			);
			inputPaths = (
				"${PODS_PODFILE_DIR_PATH}/Podfile.lock",
				"${PODS_ROOT}/Manifest.lock",
			);
			name = "[CP] Check Pods Manifest.lock";
			outputFileListPaths = (
			);
			outputPaths = (
				"$(DERIVED_FILE_DIR)/Pods-gRPC Demo-checkManifestLockResult.txt",
			);
			runOnlyForDeploymentPostprocessing = 0;
			shellPath = /bin/sh;
			shellScript = "diff \"${PODS_PODFILE_DIR_PATH}/Podfile.lock\" \"${PODS_ROOT}/Manifest.lock\" > /dev/null\nif [ $? != 0 ] ; then\n    # print error to STDERR\n    echo \"error: The sandbox is not in sync with the Podfile.lock. Run 'pod install' or update your CocoaPods installation.\" >&2\n    exit 1\nfi\n# This output is used by Xcode 'outputs' to avoid re-running this script phase.\necho \"SUCCESS\" > \"${SCRIPT_OUTPUT_FILE_0}\"\n";
			showEnvVarsInLog = 0;
		};
		616D7E4DFBF236941E2CE047 /* [CP] Embed Pods Frameworks */ = {
			isa = PBXShellScriptBuildPhase;
			buildActionMask = 2147483647;
			files = (
			);
			inputFileListPaths = (
				"${PODS_ROOT}/Target Support Files/Pods-gRPC Demo/Pods-gRPC Demo-frameworks-${CONFIGURATION}-input-files.xcfilelist",
			);
			name = "[CP] Embed Pods Frameworks";
			outputFileListPaths = (
				"${PODS_ROOT}/Target Support Files/Pods-gRPC Demo/Pods-gRPC Demo-frameworks-${CONFIGURATION}-output-files.xcfilelist",
			);
			runOnlyForDeploymentPostprocessing = 0;
			shellPath = /bin/sh;
			shellScript = "\"${PODS_ROOT}/Target Support Files/Pods-gRPC Demo/Pods-gRPC Demo-frameworks.sh\"\n";
			showEnvVarsInLog = 0;
		};
/* End PBXShellScriptBuildPhase section */

/* Begin PBXSourcesBuildPhase section */
		FCEE2C792BD7602800FA1530 /* Sources */ = {
			isa = PBXSourcesBuildPhase;
			buildActionMask = 2147483647;
			files = (
				FC9C89B62BFC8F11002CFC8B /* CustomTableViewCell.swift in Sources */,
				FCEE2C852BD7602800FA1530 /* ViewController.swift in Sources */,
				FCEE2C812BD7602800FA1530 /* AppDelegate.swift in Sources */,
				FCAD2E652BFB2F2800B36B8E /* price.pb.swift in Sources */,
				FC9C89B22BFC8EF2002CFC8B /* CustomCollectionViewCell.swift in Sources */,
				FCAD2E662BFB2F2800B36B8E /* price.grpc.swift in Sources */,
				FCEE2C832BD7602800FA1530 /* SceneDelegate.swift in Sources */,
				FC6734FA2BECCE5500F464D7 /* GrpcManager.swift in Sources */,
				FC6734FD2BECCF0E00F464D7 /* price.proto in Sources */,
			);
			runOnlyForDeploymentPostprocessing = 0;
		};
/* End PBXSourcesBuildPhase section */

/* Begin PBXVariantGroup section */
		FCEE2C862BD7602800FA1530 /* Main.storyboard */ = {
			isa = PBXVariantGroup;
			children = (
				FCEE2C872BD7602800FA1530 /* Base */,
			);
			name = Main.storyboard;
			sourceTree = "<group>";
		};
		FCEE2C8B2BD7602B00FA1530 /* LaunchScreen.storyboard */ = {
			isa = PBXVariantGroup;
			children = (
				FCEE2C8C2BD7602B00FA1530 /* Base */,
			);
			name = LaunchScreen.storyboard;
			sourceTree = "<group>";
		};
/* End PBXVariantGroup section */

/* Begin XCBuildConfiguration section */
		FCEE2C8F2BD7602B00FA1530 /* Debug */ = {
			isa = XCBuildConfiguration;
			buildSettings = {
				ALWAYS_SEARCH_USER_PATHS = NO;
				ASSETCATALOG_COMPILER_GENERATE_SWIFT_ASSET_SYMBOL_EXTENSIONS = YES;
				CLANG_ANALYZER_NONNULL = YES;
				CLANG_ANALYZER_NUMBER_OBJECT_CONVERSION = YES_AGGRESSIVE;
				CLANG_CXX_LANGUAGE_STANDARD = "gnu++20";
				CLANG_ENABLE_MODULES = YES;
				CLANG_ENABLE_OBJC_ARC = YES;
				CLANG_ENABLE_OBJC_WEAK = YES;
				CLANG_WARN_BLOCK_CAPTURE_AUTORELEASING = YES;
				CLANG_WARN_BOOL_CONVERSION = YES;
				CLANG_WARN_COMMA = YES;
				CLANG_WARN_CONSTANT_CONVERSION = YES;
				CLANG_WARN_DEPRECATED_OBJC_IMPLEMENTATIONS = YES;
				CLANG_WARN_DIRECT_OBJC_ISA_USAGE = YES_ERROR;
				CLANG_WARN_DOCUMENTATION_COMMENTS = YES;
				CLANG_WARN_EMPTY_BODY = YES;
				CLANG_WARN_ENUM_CONVERSION = YES;
				CLANG_WARN_INFINITE_RECURSION = YES;
				CLANG_WARN_INT_CONVERSION = YES;
				CLANG_WARN_NON_LITERAL_NULL_CONVERSION = YES;
				CLANG_WARN_OBJC_IMPLICIT_RETAIN_SELF = YES;
				CLANG_WARN_OBJC_LITERAL_CONVERSION = YES;
				CLANG_WARN_OBJC_ROOT_CLASS = YES_ERROR;
				CLANG_WARN_QUOTED_INCLUDE_IN_FRAMEWORK_HEADER = YES;
				CLANG_WARN_RANGE_LOOP_ANALYSIS = YES;
				CLANG_WARN_STRICT_PROTOTYPES = YES;
				CLANG_WARN_SUSPICIOUS_MOVE = YES;
				CLANG_WARN_UNGUARDED_AVAILABILITY = YES_AGGRESSIVE;
				CLANG_WARN_UNREACHABLE_CODE = YES;
				CLANG_WARN__DUPLICATE_METHOD_MATCH = YES;
				COPY_PHASE_STRIP = NO;
				DEBUG_INFORMATION_FORMAT = dwarf;
				ENABLE_STRICT_OBJC_MSGSEND = YES;
				ENABLE_TESTABILITY = YES;
				ENABLE_USER_SCRIPT_SANDBOXING = YES;
				GCC_C_LANGUAGE_STANDARD = gnu17;
				GCC_DYNAMIC_NO_PIC = NO;
				GCC_NO_COMMON_BLOCKS = YES;
				GCC_OPTIMIZATION_LEVEL = 0;
				GCC_PREPROCESSOR_DEFINITIONS = (
					"DEBUG=1",
					"$(inherited)",
				);
				GCC_WARN_64_TO_32_BIT_CONVERSION = YES;
				GCC_WARN_ABOUT_RETURN_TYPE = YES_ERROR;
				GCC_WARN_UNDECLARED_SELECTOR = YES;
				GCC_WARN_UNINITIALIZED_AUTOS = YES_AGGRESSIVE;
				GCC_WARN_UNUSED_FUNCTION = YES;
				GCC_WARN_UNUSED_VARIABLE = YES;
				IPHONEOS_DEPLOYMENT_TARGET = 13.0;
				LOCALIZATION_PREFERS_STRING_CATALOGS = YES;
				MTL_ENABLE_DEBUG_INFO = INCLUDE_SOURCE;
				MTL_FAST_MATH = YES;
				ONLY_ACTIVE_ARCH = YES;
				SDKROOT = iphoneos;
				SWIFT_ACTIVE_COMPILATION_CONDITIONS = "DEBUG $(inherited)";
				SWIFT_OPTIMIZATION_LEVEL = "-Onone";
			};
			name = Debug;
		};
		FCEE2C902BD7602B00FA1530 /* Release */ = {
			isa = XCBuildConfiguration;
			buildSettings = {
				ALWAYS_SEARCH_USER_PATHS = NO;
				ASSETCATALOG_COMPILER_GENERATE_SWIFT_ASSET_SYMBOL_EXTENSIONS = YES;
				CLANG_ANALYZER_NONNULL = YES;
				CLANG_ANALYZER_NUMBER_OBJECT_CONVERSION = YES_AGGRESSIVE;
				CLANG_CXX_LANGUAGE_STANDARD = "gnu++20";
				CLANG_ENABLE_MODULES = YES;
				CLANG_ENABLE_OBJC_ARC = YES;
				CLANG_ENABLE_OBJC_WEAK = YES;
				CLANG_WARN_BLOCK_CAPTURE_AUTORELEASING = YES;
				CLANG_WARN_BOOL_CONVERSION = YES;
				CLANG_WARN_COMMA = YES;
				CLANG_WARN_CONSTANT_CONVERSION = YES;
				CLANG_WARN_DEPRECATED_OBJC_IMPLEMENTATIONS = YES;
				CLANG_WARN_DIRECT_OBJC_ISA_USAGE = YES_ERROR;
				CLANG_WARN_DOCUMENTATION_COMMENTS = YES;
				CLANG_WARN_EMPTY_BODY = YES;
				CLANG_WARN_ENUM_CONVERSION = YES;
				CLANG_WARN_INFINITE_RECURSION = YES;
				CLANG_WARN_INT_CONVERSION = YES;
				CLANG_WARN_NON_LITERAL_NULL_CONVERSION = YES;
				CLANG_WARN_OBJC_IMPLICIT_RETAIN_SELF = YES;
				CLANG_WARN_OBJC_LITERAL_CONVERSION = YES;
				CLANG_WARN_OBJC_ROOT_CLASS = YES_ERROR;
				CLANG_WARN_QUOTED_INCLUDE_IN_FRAMEWORK_HEADER = YES;
				CLANG_WARN_RANGE_LOOP_ANALYSIS = YES;
				CLANG_WARN_STRICT_PROTOTYPES = YES;
				CLANG_WARN_SUSPICIOUS_MOVE = YES;
				CLANG_WARN_UNGUARDED_AVAILABILITY = YES_AGGRESSIVE;
				CLANG_WARN_UNREACHABLE_CODE = YES;
				CLANG_WARN__DUPLICATE_METHOD_MATCH = YES;
				COPY_PHASE_STRIP = NO;
				DEBUG_INFORMATION_FORMAT = "dwarf-with-dsym";
				ENABLE_NS_ASSERTIONS = NO;
				ENABLE_STRICT_OBJC_MSGSEND = YES;
				ENABLE_USER_SCRIPT_SANDBOXING = YES;
				GCC_C_LANGUAGE_STANDARD = gnu17;
				GCC_NO_COMMON_BLOCKS = YES;
				GCC_WARN_64_TO_32_BIT_CONVERSION = YES;
				GCC_WARN_ABOUT_RETURN_TYPE = YES_ERROR;
				GCC_WARN_UNDECLARED_SELECTOR = YES;
				GCC_WARN_UNINITIALIZED_AUTOS = YES_AGGRESSIVE;
				GCC_WARN_UNUSED_FUNCTION = YES;
				GCC_WARN_UNUSED_VARIABLE = YES;
				IPHONEOS_DEPLOYMENT_TARGET = 13.0;
				LOCALIZATION_PREFERS_STRING_CATALOGS = YES;
				MTL_ENABLE_DEBUG_INFO = NO;
				MTL_FAST_MATH = YES;
				SDKROOT = iphoneos;
				SWIFT_COMPILATION_MODE = wholemodule;
				VALIDATE_PRODUCT = YES;
			};
			name = Release;
		};
		FCEE2C922BD7602B00FA1530 /* Debug */ = {
			isa = XCBuildConfiguration;
			baseConfigurationReference = 8F07332BA8919007E3DDC031 /* Pods-gRPC Demo.debug.xcconfig */;
			buildSettings = {
				ASSETCATALOG_COMPILER_APPICON_NAME = AppIcon;
				ASSETCATALOG_COMPILER_GLOBAL_ACCENT_COLOR_NAME = AccentColor;
				CODE_SIGN_STYLE = Automatic;
				CURRENT_PROJECT_VERSION = 1;
				DEVELOPMENT_TEAM = 8RY97YBM7S;
				ENABLE_USER_SCRIPT_SANDBOXING = NO;
				GENERATE_INFOPLIST_FILE = YES;
				INFOPLIST_FILE = "gRPC Demo/Info.plist";
				INFOPLIST_KEY_UIApplicationSupportsIndirectInputEvents = YES;
				INFOPLIST_KEY_UILaunchStoryboardName = LaunchScreen;
				INFOPLIST_KEY_UIMainStoryboardFile = Main;
				INFOPLIST_KEY_UISupportedInterfaceOrientations = UIInterfaceOrientationPortrait;
				INFOPLIST_KEY_UISupportedInterfaceOrientations_iPad = "UIInterfaceOrientationLandscapeLeft UIInterfaceOrientationLandscapeRight UIInterfaceOrientationPortrait UIInterfaceOrientationPortraitUpsideDown";
				IPHONEOS_DEPLOYMENT_TARGET = 13.0;
				LD_RUNPATH_SEARCH_PATHS = (
					"$(inherited)",
					"@executable_path/Frameworks",
				);
				MARKETING_VERSION = 1.0;
				PRODUCT_BUNDLE_IDENTIFIER = "id.co.bri.gRPC-Demo";
				PRODUCT_NAME = "$(TARGET_NAME)";
				SUPPORTED_PLATFORMS = "iphoneos iphonesimulator";
				SUPPORTS_MACCATALYST = NO;
				SUPPORTS_MAC_DESIGNED_FOR_IPHONE_IPAD = NO;
				SUPPORTS_XR_DESIGNED_FOR_IPHONE_IPAD = NO;
				SWIFT_EMIT_LOC_STRINGS = YES;
				SWIFT_VERSION = 5.0;
				TARGETED_DEVICE_FAMILY = 1;
			};
			name = Debug;
		};
		FCEE2C932BD7602B00FA1530 /* Release */ = {
			isa = XCBuildConfiguration;
			baseConfigurationReference = 9A4BE1B2C10C34F942C68667 /* Pods-gRPC Demo.release.xcconfig */;
			buildSettings = {
				ASSETCATALOG_COMPILER_APPICON_NAME = AppIcon;
				ASSETCATALOG_COMPILER_GLOBAL_ACCENT_COLOR_NAME = AccentColor;
				CODE_SIGN_STYLE = Automatic;
				CURRENT_PROJECT_VERSION = 1;
				DEVELOPMENT_TEAM = 8RY97YBM7S;
				ENABLE_USER_SCRIPT_SANDBOXING = NO;
				GENERATE_INFOPLIST_FILE = YES;
				INFOPLIST_FILE = "gRPC Demo/Info.plist";
				INFOPLIST_KEY_UIApplicationSupportsIndirectInputEvents = YES;
				INFOPLIST_KEY_UILaunchStoryboardName = LaunchScreen;
				INFOPLIST_KEY_UIMainStoryboardFile = Main;
				INFOPLIST_KEY_UISupportedInterfaceOrientations = UIInterfaceOrientationPortrait;
				INFOPLIST_KEY_UISupportedInterfaceOrientations_iPad = "UIInterfaceOrientationLandscapeLeft UIInterfaceOrientationLandscapeRight UIInterfaceOrientationPortrait UIInterfaceOrientationPortraitUpsideDown";
				IPHONEOS_DEPLOYMENT_TARGET = 13.0;
				LD_RUNPATH_SEARCH_PATHS = (
					"$(inherited)",
					"@executable_path/Frameworks",
				);
				MARKETING_VERSION = 1.0;
				PRODUCT_BUNDLE_IDENTIFIER = "id.co.bri.gRPC-Demo";
				PRODUCT_NAME = "$(TARGET_NAME)";
				SUPPORTED_PLATFORMS = "iphoneos iphonesimulator";
				SUPPORTS_MACCATALYST = NO;
				SUPPORTS_MAC_DESIGNED_FOR_IPHONE_IPAD = NO;
				SUPPORTS_XR_DESIGNED_FOR_IPHONE_IPAD = NO;
				SWIFT_EMIT_LOC_STRINGS = YES;
				SWIFT_VERSION = 5.0;
				TARGETED_DEVICE_FAMILY = 1;
			};
			name = Release;
		};
/* End XCBuildConfiguration section */

/* Begin XCConfigurationList section */
		FCEE2C782BD7602800FA1530 /* Build configuration list for PBXProject "gRPC Demo" */ = {
			isa = XCConfigurationList;
			buildConfigurations = (
				FCEE2C8F2BD7602B00FA1530 /* Debug */,
				FCEE2C902BD7602B00FA1530 /* Release */,
			);
			defaultConfigurationIsVisible = 0;
			defaultConfigurationName = Release;
		};
		FCEE2C912BD7602B00FA1530 /* Build configuration list for PBXNativeTarget "gRPC Demo" */ = {
			isa = XCConfigurationList;
			buildConfigurations = (
				FCEE2C922BD7602B00FA1530 /* Debug */,
				FCEE2C932BD7602B00FA1530 /* Release */,
			);
			defaultConfigurationIsVisible = 0;
			defaultConfigurationName = Release;
		};
/* End XCConfigurationList section */
	};
	rootObject = FCEE2C752BD7602800FA1530 /* Project object */;
}
